
Microsoft Visual Studio Solution File, Format Version 12.00
# Visual Studio 2013
VisualStudioVersion = 12.0.0.0
MinimumVisualStudioVersion = 10.0.0.1
Project("{FAE04EC0-301F-11D3-BF4B-00C04F79EFBC}") = "MemoTime.Api", "MemoTime.Api\MemoTime.Api.csproj", "{10E36F8B-B169-4A20-ACA7-884C5DB0453A}"
EndProject
Project("{FAE04EC0-301F-11D3-BF4B-00C04F79EFBC}") = "MemoTime.Infrastructure", "MemoTime.Infrastructure\MemoTime.Infrastructure.csproj", "{C4461793-3400-4A5E-80C4-D342860C8B03}"
EndProject
Project("{FAE04EC0-301F-11D3-BF4B-00C04F79EFBC}") = "MemoTime.Core", "MemoTime.Core\MemoTime.Core.csproj", "{2C7B52A5-1815-406D-959C-2FB5CE88D609}"
EndProject
Global
	GlobalSection(SolutionConfigurationPlatforms) = preSolution
		Debug|Any CPU = Debug|Any CPU
		Release|Any CPU = Release|Any CPU
	EndGlobalSection
	GlobalSection(ProjectConfigurationPlatforms) = postSolution
		{10E36F8B-B169-4A20-ACA7-884C5DB0453A}.Debug|Any CPU.ActiveCfg = Debug|Any CPU
		{10E36F8B-B169-4A20-ACA7-884C5DB0453A}.Debug|Any CPU.Build.0 = Debug|Any CPU
		{10E36F8B-B169-4A20-ACA7-884C5DB0453A}.Release|Any CPU.ActiveCfg = Release|Any CPU
		{10E36F8B-B169-4A20-ACA7-884C5DB0453A}.Release|Any CPU.Build.0 = Release|Any CPU
		{C4461793-3400-4A5E-80C4-D342860C8B03}.Debug|Any CPU.ActiveCfg = Debug|Any CPU
		{C4461793-3400-4A5E-80C4-D342860C8B03}.Debug|Any CPU.Build.0 = Debug|Any CPU
		{C4461793-3400-4A5E-80C4-D342860C8B03}.Release|Any CPU.ActiveCfg = Release|Any CPU
		{C4461793-3400-4A5E-80C4-D342860C8B03}.Release|Any CPU.Build.0 = Release|Any CPU
		{2C7B52A5-1815-406D-959C-2FB5CE88D609}.Debug|Any CPU.ActiveCfg = Debug|Any CPU
		{2C7B52A5-1815-406D-959C-2FB5CE88D609}.Debug|Any CPU.Build.0 = Debug|Any CPU
		{2C7B52A5-1815-406D-959C-2FB5CE88D609}.Release|Any CPU.ActiveCfg = Release|Any CPU
		{2C7B52A5-1815-406D-959C-2FB5CE88D609}.Release|Any CPU.Build.0 = Release|Any CPU
	EndGlobalSection
	GlobalSection(SolutionProperties) = preSolution
		HideSolutionNode = FALSE
	EndGlobalSection
EndGlobal
